
Microsoft Visual Studio Solution File, Format Version 12.00
# Visual Studio Version 17
VisualStudioVersion = 17.7.34024.191
MinimumVisualStudioVersion = 10.0.40219.1
Project("{9A19103F-16F7-4668-BE54-9A1E7A4F7556}") = "SentryExample", "SentryExample\SentryExample.csproj", "{C9D79183-78EE-4BC1-BF7E-F1243A822E74}"
EndProject
Global
	GlobalSection(SolutionConfigurationPlatforms) = preSolution
		Debug|Any CPU = Debug|Any CPU
		Release|Any CPU = Release|Any CPU
	EndGlobalSection
	GlobalSection(ProjectConfigurationPlatforms) = postSolution
		{C9D79183-78EE-4BC1-BF7E-F1243A822E74}.Debug|Any CPU.ActiveCfg = Debug|Any CPU
		{C9D79183-78EE-4BC1-BF7E-F1243A822E74}.Debug|Any CPU.Build.0 = Debug|Any CPU
		{C9D79183-78EE-4BC1-BF7E-F1243A822E74}.Release|Any CPU.ActiveCfg = Release|Any CPU
		{C9D79183-78EE-4BC1-BF7E-F1243A822E74}.Release|Any CPU.Build.0 = Release|Any CPU
	EndGlobalSection
	GlobalSection(SolutionProperties) = preSolution
		HideSolutionNode = FALSE
	EndGlobalSection
	GlobalSection(ExtensibilityGlobals) = postSolution
		SolutionGuid = {BEE37566-E168-4D76-9A83-F73926699928}
	EndGlobalSection
EndGlobal

stokhesabı

kgden kg
10. sekmede problem 

faturada parça stok barkod okutunca siparişten fiyat getirmesi lazımdı getirmedi